
Microsoft Visual Studio Solution File, Format Version 12.00
# Visual Studio Version 16
VisualStudioVersion = 16.0.29025.244
MinimumVisualStudioVersion = 10.0.40219.1
Project("{2150E333-8FDC-42A3-9474-1A3956D46DE8}") = "01_Entity", "01_Entity", "{24B59F63-1F2C-4C7D-830B-2086DD48D619}"
EndProject
Project("{2150E333-8FDC-42A3-9474-1A3956D46DE8}") = "02_Infrastructure", "02_Infrastructure", "{95CD97A2-E9BB-48AA-ADB7-19192CBA1B83}"
EndProject
Project("{2150E333-8FDC-42A3-9474-1A3956D46DE8}") = "04_Application", "04_Application", "{1AE42ED2-9121-4179-9CD3-F5FF199A7FCE}"
EndProject
Project("{2150E333-8FDC-42A3-9474-1A3956D46DE8}") = "03_Domain", "03_Domain", "{598A55F2-5F33-470E-AF99-D54EE2D429E1}"
EndProject
Project("{2150E333-8FDC-42A3-9474-1A3956D46DE8}") = "src", "src", "{FB7A26D2-A0EA-4B8F-9DE3-A08BC07363B8}"
EndProject
Project("{2150E333-8FDC-42A3-9474-1A3956D46DE8}") = "test", "test", "{57BB86DD-8A8A-4F29-8021-DC8BC7A7F622}"
EndProject
Project("{9A19103F-16F7-4668-BE54-9A1E7A4F7556}") = "Grapefruit.Entity", "src\01_Entity\Grapefruit.Entity\Grapefruit.Entity.csproj", "{25EA578A-B76F-4D0C-A925-081EB3AF65D5}"
EndProject
Project("{9A19103F-16F7-4668-BE54-9A1E7A4F7556}") = "Grapefruit.Infrastructure", "src\02_Infrastructure\Grapefruit.Infrastructure\Grapefruit.Infrastructure.csproj", "{FC8BF6A2-34AA-4B95-99EE-3CF444CAFD9D}"
EndProject
Project("{9A19103F-16F7-4668-BE54-9A1E7A4F7556}") = "Grapefruit.Domain", "src\03_Domain\Grapefruit.Domain\Grapefruit.Domain.csproj", "{7D10BC5F-E185-43BA-A725-867E1B463871}"
EndProject
Project("{9A19103F-16F7-4668-BE54-9A1E7A4F7556}") = "Grapefruit.Application", "src\04_Application\Grapefruit.Application\Grapefruit.Application.csproj", "{B5ECCEF4-C732-43A1-B89A-487924526269}"
EndProject
Project("{9A19103F-16F7-4668-BE54-9A1E7A4F7556}") = "Grapefruit.WebApi", "src\Grapefruit.WebApi\Grapefruit.WebApi.csproj", "{3F60BDAE-FEC8-438F-B5F7-D35993BA502C}"
EndProject
Project("{9A19103F-16F7-4668-BE54-9A1E7A4F7556}") = "Grapefruit.Application.Test", "test\Grapefruit.Application.Test\Grapefruit.Application.Test.csproj", "{D679C737-5C5C-4AAC-A146-AD2EDE27670E}"
EndProject
Project("{9A19103F-16F7-4668-BE54-9A1E7A4F7556}") = "Grapefruit.Entities", "src\01_Entities\Grapefruit.Entities\Grapefruit.Entities.csproj", "{B842BD03-C716-431A-AB3E-623675EE3A58}"
EndProject
Project("{2150E333-8FDC-42A3-9474-1A3956D46DE8}") = "01_Entities", "01_Entities", "{0A745030-3911-4002-8C58-49D57972DDB0}"
EndProject
Global
	GlobalSection(SolutionConfigurationPlatforms) = preSolution
		Debug|Any CPU = Debug|Any CPU
		Release|Any CPU = Release|Any CPU
	EndGlobalSection
	GlobalSection(ProjectConfigurationPlatforms) = postSolution
		{25EA578A-B76F-4D0C-A925-081EB3AF65D5}.Debug|Any CPU.ActiveCfg = Debug|Any CPU
		{25EA578A-B76F-4D0C-A925-081EB3AF65D5}.Debug|Any CPU.Build.0 = Debug|Any CPU
		{25EA578A-B76F-4D0C-A925-081EB3AF65D5}.Release|Any CPU.ActiveCfg = Release|Any CPU
		{25EA578A-B76F-4D0C-A925-081EB3AF65D5}.Release|Any CPU.Build.0 = Release|Any CPU
		{FC8BF6A2-34AA-4B95-99EE-3CF444CAFD9D}.Debug|Any CPU.ActiveCfg = Debug|Any CPU
		{FC8BF6A2-34AA-4B95-99EE-3CF444CAFD9D}.Debug|Any CPU.Build.0 = Debug|Any CPU
		{FC8BF6A2-34AA-4B95-99EE-3CF444CAFD9D}.Release|Any CPU.ActiveCfg = Release|Any CPU
		{FC8BF6A2-34AA-4B95-99EE-3CF444CAFD9D}.Release|Any CPU.Build.0 = Release|Any CPU
		{7D10BC5F-E185-43BA-A725-867E1B463871}.Debug|Any CPU.ActiveCfg = Debug|Any CPU
		{7D10BC5F-E185-43BA-A725-867E1B463871}.Debug|Any CPU.Build.0 = Debug|Any CPU
		{7D10BC5F-E185-43BA-A725-867E1B463871}.Release|Any CPU.ActiveCfg = Release|Any CPU
		{7D10BC5F-E185-43BA-A725-867E1B463871}.Release|Any CPU.Build.0 = Release|Any CPU
		{B5ECCEF4-C732-43A1-B89A-487924526269}.Debug|Any CPU.ActiveCfg = Debug|Any CPU
		{B5ECCEF4-C732-43A1-B89A-487924526269}.Debug|Any CPU.Build.0 = Debug|Any CPU
		{B5ECCEF4-C732-43A1-B89A-487924526269}.Release|Any CPU.ActiveCfg = Release|Any CPU
		{B5ECCEF4-C732-43A1-B89A-487924526269}.Release|Any CPU.Build.0 = Release|Any CPU
		{3F60BDAE-FEC8-438F-B5F7-D35993BA502C}.Debug|Any CPU.ActiveCfg = Debug|Any CPU
		{3F60BDAE-FEC8-438F-B5F7-D35993BA502C}.Debug|Any CPU.Build.0 = Debug|Any CPU
		{3F60BDAE-FEC8-438F-B5F7-D35993BA502C}.Release|Any CPU.ActiveCfg = Release|Any CPU
		{3F60BDAE-FEC8-438F-B5F7-D35993BA502C}.Release|Any CPU.Build.0 = Release|Any CPU
		{D679C737-5C5C-4AAC-A146-AD2EDE27670E}.Debug|Any CPU.ActiveCfg = Debug|Any CPU
		{D679C737-5C5C-4AAC-A146-AD2EDE27670E}.Debug|Any CPU.Build.0 = Debug|Any CPU
		{D679C737-5C5C-4AAC-A146-AD2EDE27670E}.Release|Any CPU.ActiveCfg = Release|Any CPU
		{D679C737-5C5C-4AAC-A146-AD2EDE27670E}.Release|Any CPU.Build.0 = Release|Any CPU
		{B842BD03-C716-431A-AB3E-623675EE3A58}.Debug|Any CPU.ActiveCfg = Debug|Any CPU
		{B842BD03-C716-431A-AB3E-623675EE3A58}.Debug|Any CPU.Build.0 = Debug|Any CPU
		{B842BD03-C716-431A-AB3E-623675EE3A58}.Release|Any CPU.ActiveCfg = Release|Any CPU
		{B842BD03-C716-431A-AB3E-623675EE3A58}.Release|Any CPU.Build.0 = Release|Any CPU
	EndGlobalSection
	GlobalSection(SolutionProperties) = preSolution
		HideSolutionNode = FALSE
	EndGlobalSection
	GlobalSection(NestedProjects) = preSolution
		{24B59F63-1F2C-4C7D-830B-2086DD48D619} = {FB7A26D2-A0EA-4B8F-9DE3-A08BC07363B8}
		{95CD97A2-E9BB-48AA-ADB7-19192CBA1B83} = {FB7A26D2-A0EA-4B8F-9DE3-A08BC07363B8}
		{1AE42ED2-9121-4179-9CD3-F5FF199A7FCE} = {FB7A26D2-A0EA-4B8F-9DE3-A08BC07363B8}
		{598A55F2-5F33-470E-AF99-D54EE2D429E1} = {FB7A26D2-A0EA-4B8F-9DE3-A08BC07363B8}
		{25EA578A-B76F-4D0C-A925-081EB3AF65D5} = {24B59F63-1F2C-4C7D-830B-2086DD48D619}
		{FC8BF6A2-34AA-4B95-99EE-3CF444CAFD9D} = {95CD97A2-E9BB-48AA-ADB7-19192CBA1B83}
		{7D10BC5F-E185-43BA-A725-867E1B463871} = {598A55F2-5F33-470E-AF99-D54EE2D429E1}
		{B5ECCEF4-C732-43A1-B89A-487924526269} = {1AE42ED2-9121-4179-9CD3-F5FF199A7FCE}
		{3F60BDAE-FEC8-438F-B5F7-D35993BA502C} = {FB7A26D2-A0EA-4B8F-9DE3-A08BC07363B8}
		{D679C737-5C5C-4AAC-A146-AD2EDE27670E} = {57BB86DD-8A8A-4F29-8021-DC8BC7A7F622}
		{B842BD03-C716-431A-AB3E-623675EE3A58} = {0A745030-3911-4002-8C58-49D57972DDB0}
		{0A745030-3911-4002-8C58-49D57972DDB0} = {FB7A26D2-A0EA-4B8F-9DE3-A08BC07363B8}
	EndGlobalSection
	GlobalSection(ExtensibilityGlobals) = postSolution
		SolutionGuid = {C26410CC-B754-4BC4-BF1F-5B778B8DB94B}
	EndGlobalSection
EndGlobal
